
Microsoft Visual Studio Solution File, Format Version 11.00
# Visual Studio 2010
Project("{FAE04EC0-301F-11D3-BF4B-00C04F79EFBC}") = "Baseball", "Baseball\Baseball.csproj", "{957CE6DD-6647-4275-B233-191CC673E6EC}"
EndProject
Global
	GlobalSection(SolutionConfigurationPlatforms) = preSolution
		Debug|Any CPU = Debug|Any CPU
		Release|Any CPU = Release|Any CPU
	EndGlobalSection
	GlobalSection(ProjectConfigurationPlatforms) = postSolution
		{957CE6DD-6647-4275-B233-191CC673E6EC}.Debug|Any CPU.ActiveCfg = Debug|Any CPU
		{957CE6DD-6647-4275-B233-191CC673E6EC}.Debug|Any CPU.Build.0 = Debug|Any CPU
		{957CE6DD-6647-4275-B233-191CC673E6EC}.Release|Any CPU.ActiveCfg = Release|Any CPU
		{957CE6DD-6647-4275-B233-191CC673E6EC}.Release|Any CPU.Build.0 = Release|Any CPU
	EndGlobalSection
	GlobalSection(SolutionProperties) = preSolution
		HideSolutionNode = FALSE
	EndGlobalSection
EndGlobal
